
Microsoft Visual Studio Solution File, Format Version 12.00
# Visual Studio Version 16
VisualStudioVersion = 16.0.32407.337
MinimumVisualStudioVersion = 10.0.40219.1
Project("{2150E333-8FDC-42A3-9474-1A3956D46DE8}") = "Presentation", "Presentation", "{3CBE25D8-11C0-4EC8-B33E-612CEAF15F21}"
EndProject
Project("{FAE04EC0-301F-11D3-BF4B-00C04F79EFBC}") = "HospitalManager", "HospitalManager\HospitalManager.csproj", "{09FFB035-DF8A-4B4D-A0A2-2B1984759BA0}"
EndProject
Global
	GlobalSection(SolutionConfigurationPlatforms) = preSolution
		Debug|Any CPU = Debug|Any CPU
		Release|Any CPU = Release|Any CPU
	EndGlobalSection
	GlobalSection(ProjectConfigurationPlatforms) = postSolution
		{09FFB035-DF8A-4B4D-A0A2-2B1984759BA0}.Debug|Any CPU.ActiveCfg = Debug|Any CPU
		{09FFB035-DF8A-4B4D-A0A2-2B1984759BA0}.Debug|Any CPU.Build.0 = Debug|Any CPU
		{09FFB035-DF8A-4B4D-A0A2-2B1984759BA0}.Release|Any CPU.ActiveCfg = Release|Any CPU
		{09FFB035-DF8A-4B4D-A0A2-2B1984759BA0}.Release|Any CPU.Build.0 = Release|Any CPU
	EndGlobalSection
	GlobalSection(SolutionProperties) = preSolution
		HideSolutionNode = FALSE
	EndGlobalSection
	GlobalSection(NestedProjects) = preSolution
		{09FFB035-DF8A-4B4D-A0A2-2B1984759BA0} = {3CBE25D8-11C0-4EC8-B33E-612CEAF15F21}
	EndGlobalSection
	GlobalSection(ExtensibilityGlobals) = postSolution
		SolutionGuid = {C87E3938-41D0-41E0-B552-5F91EEADCBA3}
	EndGlobalSection
EndGlobal
